<?xml version="1.0" encoding="utf-8"?>
<Project ToolsVersion="4.0" xmlns="http://schemas.microsoft.com/developer/msbuild/2003">
  <ItemGroup>
    <Filter Include="소스 파일">
      <UniqueIdentifier>{4FC737F1-C7A5-4376-A066-2A32D752A2FF}</UniqueIdentifier>
      <Extensions>cpp;c;cc;cxx;c++;cppm;ixx;def;odl;idl;hpj;bat;asm;asmx</Extensions>
    </Filter>
    <Filter Include="헤더 파일">
      <UniqueIdentifier>{93995380-89BD-4b04-88EB-625FBE52EBFB}</UniqueIdentifier>
      <Extensions>h;hh;hpp;hxx;h++;hm;inl;inc;ipp;xsd</Extensions>
    </Filter>
    <Filter Include="리소스 파일">
      <UniqueIdentifier>{67DA6AB6-F800-4c08-8B7A-83BB121AAD01}</UniqueIdentifier>
      <Extensions>rc;ico;cur;bmp;dlg;rc2;rct;bin;rgs;gif;jpg;jpeg;jpe;resx;tiff;tif;png;wav;mfcribbon-ms</Extensions>
    </Filter>
  </ItemGroup>
  <ItemGroup>
    <ClCompile Include="main.cpp">
      <Filter>소스 파일</Filter>
    </ClCompile>
    <ClCompile Include="Framework\AyaFramework.cpp">
      <Filter>소스 파일</Filter>
    </ClCompile>
    <ClCompile Include="Network\Socket\AyaSocket.cpp">
      <Filter>소스 파일</Filter>
    </ClCompile>
    <ClCompile Include="Framework\AyaFrameworkInfo.cpp">
      <Filter>소스 파일</Filter>
    </ClCompile>
    <ClCompile Include="Network\AddrIn\AyaAddrin.cpp">
      <Filter>소스 파일</Filter>
    </ClCompile>
    <ClCompile Include="Network\Acceptor\AyaAccepter.cpp">
      <Filter>소스 파일</Filter>
    </ClCompile>
    <ClCompile Include="Network\ServerObject\AyaServerObject.cpp">
      <Filter>소스 파일</Filter>
    </ClCompile>
    <ClCompile Include="Core\AsyncHandler\AyaAccpetAsyncResultHandler.cpp">
      <Filter>소스 파일</Filter>
    </ClCompile>
    <ClCompile Include="Network\Session\SessionObject.cpp">
      <Filter>소스 파일</Filter>
    </ClCompile>
    <ClCompile Include="Core\Overlapped\OverlappedIOManager.cpp">
      <Filter>소스 파일</Filter>
    </ClCompile>
    <ClCompile Include="Network\Session\SessionManager.cpp">
      <Filter>소스 파일</Filter>
    </ClCompile>
    <ClCompile Include="Util\Buffer\AyaBuffer.cpp">
      <Filter>소스 파일</Filter>
    </ClCompile>
    <ClCompile Include="Network\ServerObject\ServerJob\GameServerJob.cpp">
      <Filter>소스 파일</Filter>
    </ClCompile>
    <ClCompile Include="Util\Logger\Logger.cpp">
      <Filter>소스 파일</Filter>
    </ClCompile>
    <ClCompile Include="Network\ServerObject\User\UserManager.cpp">
      <Filter>소스 파일</Filter>
    </ClCompile>
    <ClCompile Include="Network\ServerObject\User\UserObject.cpp">
      <Filter>소스 파일</Filter>
    </ClCompile>
    <ClCompile Include="Core\ThreadObject\JobThreadObject.cpp">
      <Filter>소스 파일</Filter>
    </ClCompile>
    <ClCompile Include="Core\ThreadObject\IoHandler\IOHandler.cpp">
      <Filter>소스 파일</Filter>
    </ClCompile>
    <ClCompile Include="Core\ThreadObject\WorkerThreadObject.cpp">
      <Filter>소스 파일</Filter>
    </ClCompile>
    <ClCompile Include="Util\Buffer\AyaBufferStream.cpp">
      <Filter>소스 파일</Filter>
    </ClCompile>
    <ClCompile Include="Core\ThreadObject\JobScheduler\JobScheduler.cpp">
      <Filter>소스 파일</Filter>
    </ClCompile>
    <ClCompile Include="Core\DataBase\Mysql\MysqlConnector.cpp">
      <Filter>소스 파일</Filter>
    </ClCompile>
    <ClCompile Include="Core\DataBase\Mysql\MysqlQueryResult.cpp">
      <Filter>소스 파일</Filter>
    </ClCompile>
    <ClCompile Include="Core\DataBase\Mysql\MysqlRow.cpp">
      <Filter>소스 파일</Filter>
    </ClCompile>
    <ClCompile Include="Core\DataBase\Mysql\MysqlExecutor.cpp">
      <Filter>소스 파일</Filter>
    </ClCompile>
    <ClCompile Include="Network\ServerObject\DB\UserDbExecutor.cpp">
      <Filter>소스 파일</Filter>
    </ClCompile>
    <ClCompile Include="Network\ServerObject\DB\UserDbConfig.cpp">
      <Filter>소스 파일</Filter>
    </ClCompile>
  </ItemGroup>
  <ItemGroup>
    <ClInclude Include="Framework\AyaFramework.h">
      <Filter>헤더 파일</Filter>
    </ClInclude>
    <ClInclude Include="Network\Socket\AyaSocket.h">
      <Filter>헤더 파일</Filter>
    </ClInclude>
    <ClInclude Include="Framework\AyaFrameworkInfo.h">
      <Filter>헤더 파일</Filter>
    </ClInclude>
    <ClInclude Include="Core\AsyncHandler\AyaAbstractAsyncResultHandler.h">
      <Filter>헤더 파일</Filter>
    </ClInclude>
    <ClInclude Include="Network\AddrIn\AyaAddrin.h">
      <Filter>헤더 파일</Filter>
    </ClInclude>
    <ClInclude Include="Network\Acceptor\AyaAccepter.h">
      <Filter>헤더 파일</Filter>
    </ClInclude>
    <ClInclude Include="Network\ServerObject\AyaServerObject.h">
      <Filter>헤더 파일</Filter>
    </ClInclude>
    <ClInclude Include="Core\AsyncHandler\AyaAccpetAsyncResultHandler.h">
      <Filter>헤더 파일</Filter>
    </ClInclude>
    <ClInclude Include="Network\Session\SessionObject.h">
      <Filter>헤더 파일</Filter>
    </ClInclude>
    <ClInclude Include="Core\Overlapped\OverlappedData.h">
      <Filter>헤더 파일</Filter>
    </ClInclude>
    <ClInclude Include="Core\CommonHeader\CommonHeader.h">
      <Filter>헤더 파일</Filter>
    </ClInclude>
    <ClInclude Include="Core\Overlapped\OverlappedIOManager.h">
      <Filter>헤더 파일</Filter>
    </ClInclude>
    <ClInclude Include="Network\Session\SessionManager.h">
      <Filter>헤더 파일</Filter>
    </ClInclude>
    <ClInclude Include="Util\Singleton\Singleton.h">
      <Filter>헤더 파일</Filter>
    </ClInclude>
    <ClInclude Include="Util\Buffer\AyaBuffer.h">
      <Filter>헤더 파일</Filter>
    </ClInclude>
    <ClInclude Include="Network\ServerObject\ServerJob\GameServerJob.h">
      <Filter>헤더 파일</Filter>
    </ClInclude>
    <ClInclude Include="Util\System\System.h">
      <Filter>헤더 파일</Filter>
    </ClInclude>
    <ClInclude Include="Util\Logger\Logger.h">
      <Filter>헤더 파일</Filter>
    </ClInclude>
    <ClInclude Include="Network\ServerObject\User\UserManager.h">
      <Filter>헤더 파일</Filter>
    </ClInclude>
    <ClInclude Include="Network\ServerObject\User\UserObject.h">
      <Filter>헤더 파일</Filter>
    </ClInclude>
    <ClInclude Include="Core\ThreadObject\JobThreadObject.h">
      <Filter>헤더 파일</Filter>
    </ClInclude>
    <ClInclude Include="Core\ThreadObject\IoHandler\IOHandler.h">
      <Filter>헤더 파일</Filter>
    </ClInclude>
    <ClInclude Include="Network\ServerObject\ServerInitData.h">
      <Filter>헤더 파일</Filter>
    </ClInclude>
    <ClInclude Include="Core\ThreadObject\WorkerThreadObject.h">
      <Filter>헤더 파일</Filter>
    </ClInclude>
    <ClInclude Include="Core\ThreadObject\WorkerThreadInitData.h">
      <Filter>헤더 파일</Filter>
    </ClInclude>
    <ClInclude Include="Util\Buffer\AyaBufferStream.h">
      <Filter>헤더 파일</Filter>
    </ClInclude>
    <ClInclude Include="Core\ThreadObject\JobScheduler\JobScheduler.h">
      <Filter>헤더 파일</Filter>
    </ClInclude>
    <ClInclude Include="Core\ThreadObject\IAyaJobInterface.h">
      <Filter>헤더 파일</Filter>
    </ClInclude>
    <ClInclude Include="Core\DataBase\IDbConnector.h">
      <Filter>헤더 파일</Filter>
    </ClInclude>
    <ClInclude Include="Core\DataBase\DBConnectData.h">
      <Filter>헤더 파일</Filter>
    </ClInclude>
    <ClInclude Include="Core\DataBase\IDbQueryExecutor.h">
      <Filter>헤더 파일</Filter>
    </ClInclude>
    <ClInclude Include="Core\DataBase\IDbRow.h">
      <Filter>헤더 파일</Filter>
    </ClInclude>
    <ClInclude Include="Core\DataBase\IDbQueryResult.h">
      <Filter>헤더 파일</Filter>
    </ClInclude>
    <ClInclude Include="Core\DataBase\Mysql\MysqlConnector.h">
      <Filter>헤더 파일</Filter>
    </ClInclude>
    <ClInclude Include="Core\DataBase\Mysql\MysqlQueryResult.h">
      <Filter>헤더 파일</Filter>
    </ClInclude>
    <ClInclude Include="Core\DataBase\Mysql\MysqlEssential.h">
      <Filter>헤더 파일</Filter>
    </ClInclude>
    <ClInclude Include="Core\DataBase\Mysql\MysqlRow.h">
      <Filter>헤더 파일</Filter>
    </ClInclude>
    <ClInclude Include="Core\DataBase\Mysql\MysqlExecutor.h">
      <Filter>헤더 파일</Filter>
    </ClInclude>
    <ClInclude Include="Network\ServerObject\DB\UserDbExecutor.h">
      <Filter>헤더 파일</Filter>
    </ClInclude>
    <ClInclude Include="Util\Base64\Base64.h">
      <Filter>헤더 파일</Filter>
    </ClInclude>
    <ClInclude Include="Network\ServerObject\DB\UserDbConfig.h">
      <Filter>헤더 파일</Filter>
    </ClInclude>
    <ClInclude Include="Util\Path\SystemPath.h">
      <Filter>헤더 파일</Filter>
    </ClInclude>
  </ItemGroup>
  <ItemGroup>
    <None Include="Config\DbConfig.ini" />
  </ItemGroup>
</Project>