
Microsoft Visual Studio Solution File, Format Version 12.00
# Visual Studio Version 16
VisualStudioVersion = 16.0.30523.141
MinimumVisualStudioVersion = 10.0.40219.1
Project("{8BC9CEB8-8B4A-11D0-8D11-00A0C91BC942}") = "AyaServerFramework", "AyaServerFramework.vcxproj", "{D3A532CC-9F11-4D8D-89CC-EC8FA7A72D36}"
	ProjectSection(ProjectDependencies) = postProject
		{A2AA9C87-32FC-4B7E-B35C-F50E628A1E7B} = {A2AA9C87-32FC-4B7E-B35C-F50E628A1E7B}
	EndProjectSection
EndProject
Project("{8BC9CEB8-8B4A-11D0-8D11-00A0C91BC942}") = "TestProject", "..\TestProject\TestProject.vcxproj", "{132F0BDA-8F2B-4816-862E-2FE70838ABE6}"
EndProject
Project("{8BC9CEB8-8B4A-11D0-8D11-00A0C91BC942}") = "ServerProtocol", "..\ServerProtocol\ServerProtocol.vcxproj", "{A2AA9C87-32FC-4B7E-B35C-F50E628A1E7B}"
EndProject
Project("{8BC9CEB8-8B4A-11D0-8D11-00A0C91BC942}") = "UdpDummyClient", "..\UdpDummyClient\UdpDummyClient.vcxproj", "{2F1FADD0-50DD-4F55-B2CC-9A4E0082B7B4}"
EndProject
Global
	GlobalSection(SolutionConfigurationPlatforms) = preSolution
		Debug|x64 = Debug|x64
		Debug|x86 = Debug|x86
		Release|x64 = Release|x64
		Release|x86 = Release|x86
	EndGlobalSection
	GlobalSection(ProjectConfigurationPlatforms) = postSolution
		{D3A532CC-9F11-4D8D-89CC-EC8FA7A72D36}.Debug|x64.ActiveCfg = Debug|x64
		{D3A532CC-9F11-4D8D-89CC-EC8FA7A72D36}.Debug|x64.Build.0 = Debug|x64
		{D3A532CC-9F11-4D8D-89CC-EC8FA7A72D36}.Debug|x86.ActiveCfg = Debug|Win32
		{D3A532CC-9F11-4D8D-89CC-EC8FA7A72D36}.Debug|x86.Build.0 = Debug|Win32
		{D3A532CC-9F11-4D8D-89CC-EC8FA7A72D36}.Release|x64.ActiveCfg = Release|x64
		{D3A532CC-9F11-4D8D-89CC-EC8FA7A72D36}.Release|x64.Build.0 = Release|x64
		{D3A532CC-9F11-4D8D-89CC-EC8FA7A72D36}.Release|x86.ActiveCfg = Release|Win32
		{D3A532CC-9F11-4D8D-89CC-EC8FA7A72D36}.Release|x86.Build.0 = Release|Win32
		{132F0BDA-8F2B-4816-862E-2FE70838ABE6}.Debug|x64.ActiveCfg = Debug|x64
		{132F0BDA-8F2B-4816-862E-2FE70838ABE6}.Debug|x64.Build.0 = Debug|x64
		{132F0BDA-8F2B-4816-862E-2FE70838ABE6}.Debug|x86.ActiveCfg = Debug|Win32
		{132F0BDA-8F2B-4816-862E-2FE70838ABE6}.Debug|x86.Build.0 = Debug|Win32
		{132F0BDA-8F2B-4816-862E-2FE70838ABE6}.Release|x64.ActiveCfg = Release|x64
		{132F0BDA-8F2B-4816-862E-2FE70838ABE6}.Release|x64.Build.0 = Release|x64
		{132F0BDA-8F2B-4816-862E-2FE70838ABE6}.Release|x86.ActiveCfg = Release|Win32
		{132F0BDA-8F2B-4816-862E-2FE70838ABE6}.Release|x86.Build.0 = Release|Win32
		{A2AA9C87-32FC-4B7E-B35C-F50E628A1E7B}.Debug|x64.ActiveCfg = Debug|x64
		{A2AA9C87-32FC-4B7E-B35C-F50E628A1E7B}.Debug|x64.Build.0 = Debug|x64
		{A2AA9C87-32FC-4B7E-B35C-F50E628A1E7B}.Debug|x86.ActiveCfg = Debug|Win32
		{A2AA9C87-32FC-4B7E-B35C-F50E628A1E7B}.Debug|x86.Build.0 = Debug|Win32
		{A2AA9C87-32FC-4B7E-B35C-F50E628A1E7B}.Release|x64.ActiveCfg = Release|x64
		{A2AA9C87-32FC-4B7E-B35C-F50E628A1E7B}.Release|x64.Build.0 = Release|x64
		{A2AA9C87-32FC-4B7E-B35C-F50E628A1E7B}.Release|x86.ActiveCfg = Release|Win32
		{A2AA9C87-32FC-4B7E-B35C-F50E628A1E7B}.Release|x86.Build.0 = Release|Win32
		{2F1FADD0-50DD-4F55-B2CC-9A4E0082B7B4}.Debug|x64.ActiveCfg = Debug|x64
		{2F1FADD0-50DD-4F55-B2CC-9A4E0082B7B4}.Debug|x64.Build.0 = Debug|x64
		{2F1FADD0-50DD-4F55-B2CC-9A4E0082B7B4}.Debug|x86.ActiveCfg = Debug|Win32
		{2F1FADD0-50DD-4F55-B2CC-9A4E0082B7B4}.Debug|x86.Build.0 = Debug|Win32
		{2F1FADD0-50DD-4F55-B2CC-9A4E0082B7B4}.Release|x64.ActiveCfg = Release|x64
		{2F1FADD0-50DD-4F55-B2CC-9A4E0082B7B4}.Release|x64.Build.0 = Release|x64
		{2F1FADD0-50DD-4F55-B2CC-9A4E0082B7B4}.Release|x86.ActiveCfg = Release|Win32
		{2F1FADD0-50DD-4F55-B2CC-9A4E0082B7B4}.Release|x86.Build.0 = Release|Win32
	EndGlobalSection
	GlobalSection(SolutionProperties) = preSolution
		HideSolutionNode = FALSE
	EndGlobalSection
	GlobalSection(ExtensibilityGlobals) = postSolution
		SolutionGuid = {3D3CB1E2-6FDE-49DE-BE5D-1EFEA4A6E916}
	EndGlobalSection
EndGlobal
